# THIS IS AN AUTOGENERATED FILE. DO NOT EDIT THIS FILE DIRECTLY.
# yarn lockfile v1


"@modelcontextprotocol/sdk@^0.5.0":
  version "0.5.0"
  resolved "https://registry.npmjs.org/@modelcontextprotocol/sdk/-/sdk-0.5.0.tgz"
  integrity sha512-RXgulUX6ewvxjAG0kOpLMEdXXWkzWgaoCGaA2CwNW7cQCIphjpJhjpHSiaPdVCnisjRF/0Cm9KWHUuIoeiAblQ==
  dependencies:
    content-type "^1.0.5"
    raw-body "^3.0.0"
    zod "^3.23.8"

"@types/node@*":
  version "24.7.0"
  resolved "https://registry.npmjs.org/@types/node/-/node-24.7.0.tgz"
  integrity sha512-IbKooQVqUBrlzWTi79E8Fw78l8k1RNtlDDNWsFZs7XonuQSJ8oNYfEeclhprUldXISRMLzBpILuKgPlIxm+/Yw==
  dependencies:
    undici-types "~7.14.0"

"@types/node@^20.11.0":
  version "20.19.19"
  resolved "https://registry.npmjs.org/@types/node/-/node-20.19.19.tgz"
  integrity sha512-pb1Uqj5WJP7wrcbLU7Ru4QtA0+3kAXrkutGiD26wUKzSMgNNaPARTUDQmElUXp64kh3cWdou3Q0C7qwwxqSFmg==
  dependencies:
    undici-types "~6.21.0"

"@types/pg@^8.11.0":
  version "8.15.5"
  resolved "https://registry.npmjs.org/@types/pg/-/pg-8.15.5.tgz"
  integrity sha512-LF7lF6zWEKxuT3/OR8wAZGzkg4ENGXFNyiV/JeOt9z5B+0ZVwbql9McqX5c/WStFq1GaGso7H1AzP/qSzmlCKQ==
  dependencies:
    "@types/node" "*"
    pg-protocol "*"
    pg-types "^2.2.0"

bytes@3.1.2:
  version "3.1.2"
  resolved "https://registry.npmjs.org/bytes/-/bytes-3.1.2.tgz"
  integrity sha512-/Nf7TyzTx6S3yRJObOAV7956r8cr2+Oj8AC5dt8wSP3BQAoeX58NoHyCU8P8zGkNXStjTSi6fzO6F0pBdcYbEg==

content-type@^1.0.5:
  version "1.0.5"
  resolved "https://registry.npmjs.org/content-type/-/content-type-1.0.5.tgz"
  integrity sha512-nTjqfcBFEipKdXCv4YDQWCfmcLZKm81ldF0pAopTvyrFGVbcR6P/VAAd5G7N+0tTr8QqiU0tFadD6FK4NtJwOA==

depd@2.0.0:
  version "2.0.0"
  resolved "https://registry.npmjs.org/depd/-/depd-2.0.0.tgz"
  integrity sha512-g7nH6P6dyDioJogAAGprGpCtVImJhpPk/roCzdb3fIh61/s/nPsfR6onyMwkCAR/OlC3yBC0lESvUoQEAssIrw==

http-errors@2.0.0:
  version "2.0.0"
  resolved "https://registry.npmjs.org/http-errors/-/http-errors-2.0.0.tgz"
  integrity sha512-FtwrG/euBzaEjYeRqOgly7G0qviiXoJWnvEH2Z1plBdXgbyjv34pHTSb9zoeHMyDy33+DWy5Wt9Wo+TURtOYSQ==
  dependencies:
    depd "2.0.0"
    inherits "2.0.4"
    setprototypeof "1.2.0"
    statuses "2.0.1"
    toidentifier "1.0.1"

iconv-lite@0.7.0:
  version "0.7.0"
  resolved "https://registry.npmjs.org/iconv-lite/-/iconv-lite-0.7.0.tgz"
  integrity sha512-cf6L2Ds3h57VVmkZe+Pn+5APsT7FpqJtEhhieDCvrE2MK5Qk9MyffgQyuxQTm6BChfeZNtcOLHp9IcWRVcIcBQ==
  dependencies:
    safer-buffer ">= 2.1.2 < 3.0.0"

inherits@2.0.4:
  version "2.0.4"
  resolved "https://registry.npmjs.org/inherits/-/inherits-2.0.4.tgz"
  integrity sha512-k/vGaX4/Yla3WzyMCvTQOXYeIHvqOKtnqBduzTHpzpQZzAskKMhZ2K+EnBiSM9zGSoIFeMpXKxa4dYeZIQqewQ==

pg-cloudflare@^1.2.7:
  version "1.2.7"
  resolved "https://registry.npmjs.org/pg-cloudflare/-/pg-cloudflare-1.2.7.tgz"
  integrity sha512-YgCtzMH0ptvZJslLM1ffsY4EuGaU0cx4XSdXLRFae8bPP4dS5xL1tNB3k2o/N64cHJpwU7dxKli/nZ2lUa5fLg==

pg-connection-string@^2.9.1:
  version "2.9.1"
  resolved "https://registry.npmjs.org/pg-connection-string/-/pg-connection-string-2.9.1.tgz"
  integrity sha512-nkc6NpDcvPVpZXxrreI/FOtX3XemeLl8E0qFr6F2Lrm/I8WOnaWNhIPK2Z7OHpw7gh5XJThi6j6ppgNoaT1w4w==

pg-int8@1.0.1:
  version "1.0.1"
  resolved "https://registry.npmjs.org/pg-int8/-/pg-int8-1.0.1.tgz"
  integrity sha512-WCtabS6t3c8SkpDBUlb1kjOs7l66xsGdKpIPZsg4wR+B3+u9UAum2odSsF9tnvxg80h4ZxLWMy4pRjOsFIqQpw==

pg-pool@^3.10.1:
  version "3.10.1"
  resolved "https://registry.npmjs.org/pg-pool/-/pg-pool-3.10.1.tgz"
  integrity sha512-Tu8jMlcX+9d8+QVzKIvM/uJtp07PKr82IUOYEphaWcoBhIYkoHpLXN3qO59nAI11ripznDsEzEv8nUxBVWajGg==

pg-protocol@*, pg-protocol@^1.10.3:
  version "1.10.3"
  resolved "https://registry.npmjs.org/pg-protocol/-/pg-protocol-1.10.3.tgz"
  integrity sha512-6DIBgBQaTKDJyxnXaLiLR8wBpQQcGWuAESkRBX/t6OwA8YsqP+iVSiond2EDy6Y/dsGk8rh/jtax3js5NeV7JQ==

pg-types@^2.2.0, pg-types@2.2.0:
  version "2.2.0"
  resolved "https://registry.npmjs.org/pg-types/-/pg-types-2.2.0.tgz"
  integrity sha512-qTAAlrEsl8s4OiEQY69wDvcMIdQN6wdz5ojQiOy6YRMuynxenON0O5oCpJI6lshc6scgAY8qvJ2On/p+CXY0GA==
  dependencies:
    pg-int8 "1.0.1"
    postgres-array "~2.0.0"
    postgres-bytea "~1.0.0"
    postgres-date "~1.0.4"
    postgres-interval "^1.1.0"

pg@^8.11.3, pg@>=8.0:
  version "8.16.3"
  resolved "https://registry.npmjs.org/pg/-/pg-8.16.3.tgz"
  integrity sha512-enxc1h0jA/aq5oSDMvqyW3q89ra6XIIDZgCX9vkMrnz5DFTw/Ny3Li2lFQ+pt3L6MCgm/5o2o8HW9hiJji+xvw==
  dependencies:
    pg-connection-string "^2.9.1"
    pg-pool "^3.10.1"
    pg-protocol "^1.10.3"
    pg-types "2.2.0"
    pgpass "1.0.5"
  optionalDependencies:
    pg-cloudflare "^1.2.7"

pgpass@1.0.5:
  version "1.0.5"
  resolved "https://registry.npmjs.org/pgpass/-/pgpass-1.0.5.tgz"
  integrity sha512-FdW9r/jQZhSeohs1Z3sI1yxFQNFvMcnmfuj4WBMUTxOrAyLMaTcE1aAMBiTlbMNaXvBCQuVi0R7hd8udDSP7ug==
  dependencies:
    split2 "^4.1.0"

postgres-array@~2.0.0:
  version "2.0.0"
  resolved "https://registry.npmjs.org/postgres-array/-/postgres-array-2.0.0.tgz"
  integrity sha512-VpZrUqU5A69eQyW2c5CA1jtLecCsN2U/bD6VilrFDWq5+5UIEVO7nazS3TEcHf1zuPYO/sqGvUvW62g86RXZuA==

postgres-bytea@~1.0.0:
  version "1.0.0"
  resolved "https://registry.npmjs.org/postgres-bytea/-/postgres-bytea-1.0.0.tgz"
  integrity sha512-xy3pmLuQqRBZBXDULy7KbaitYqLcmxigw14Q5sj8QBVLqEwXfeybIKVWiqAXTlcvdvb0+xkOtDbfQMOf4lST1w==

postgres-date@~1.0.4:
  version "1.0.7"
  resolved "https://registry.npmjs.org/postgres-date/-/postgres-date-1.0.7.tgz"
  integrity sha512-suDmjLVQg78nMK2UZ454hAG+OAW+HQPZ6n++TNDUX+L0+uUlLywnoxJKDou51Zm+zTCjrCl0Nq6J9C5hP9vK/Q==

postgres-interval@^1.1.0:
  version "1.2.0"
  resolved "https://registry.npmjs.org/postgres-interval/-/postgres-interval-1.2.0.tgz"
  integrity sha512-9ZhXKM/rw350N1ovuWHbGxnGh/SNJ4cnxHiM0rxE4VN41wsg8P8zWn9hv/buK00RP4WvlOyr/RBDiptyxVbkZQ==
  dependencies:
    xtend "^4.0.0"

raw-body@^3.0.0:
  version "3.0.1"
  resolved "https://registry.npmjs.org/raw-body/-/raw-body-3.0.1.tgz"
  integrity sha512-9G8cA+tuMS75+6G/TzW8OtLzmBDMo8p1JRxN5AZ+LAp8uxGA8V8GZm4GQ4/N5QNQEnLmg6SS7wyuSmbKepiKqA==
  dependencies:
    bytes "3.1.2"
    http-errors "2.0.0"
    iconv-lite "0.7.0"
    unpipe "1.0.0"

"safer-buffer@>= 2.1.2 < 3.0.0":
  version "2.1.2"
  resolved "https://registry.npmjs.org/safer-buffer/-/safer-buffer-2.1.2.tgz"
  integrity sha512-YZo3K82SD7Riyi0E1EQPojLz7kpepnSQI9IyPbHHg1XXXevb5dJI7tpyN2ADxGcQbHG7vcyRHk0cbwqcQriUtg==

setprototypeof@1.2.0:
  version "1.2.0"
  resolved "https://registry.npmjs.org/setprototypeof/-/setprototypeof-1.2.0.tgz"
  integrity sha512-E5LDX7Wrp85Kil5bhZv46j8jOeboKq5JMmYM3gVGdGH8xFpPWXUMsNrlODCrkoxMEeNi/XZIwuRvY4XNwYMJpw==

split2@^4.1.0:
  version "4.2.0"
  resolved "https://registry.npmjs.org/split2/-/split2-4.2.0.tgz"
  integrity sha512-UcjcJOWknrNkF6PLX83qcHM6KHgVKNkV62Y8a5uYDVv9ydGQVwAHMKqHdJje1VTWpljG0WYpCDhrCdAOYH4TWg==

statuses@2.0.1:
  version "2.0.1"
  resolved "https://registry.npmjs.org/statuses/-/statuses-2.0.1.tgz"
  integrity sha512-RwNA9Z/7PrK06rYLIzFMlaF+l73iwpzsqRIFgbMLbTcLD6cOao82TaWefPXQvB2fOC4AjuYSEndS7N/mTCbkdQ==

toidentifier@1.0.1:
  version "1.0.1"
  resolved "https://registry.npmjs.org/toidentifier/-/toidentifier-1.0.1.tgz"
  integrity sha512-o5sSPKEkg/DIQNmH43V0/uerLrpzVedkUh8tGNvaeXpfpuwjKenlSox/2O/BTlZUtEe+JG7s5YhEz608PlAHRA==

typescript@^5.3.3:
  version "5.9.3"
  resolved "https://registry.npmjs.org/typescript/-/typescript-5.9.3.tgz"
  integrity sha512-jl1vZzPDinLr9eUt3J/t7V6FgNEw9QjvBPdysz9KfQDD41fQrC2Y4vKQdiaUpFT4bXlb1RHhLpp8wtm6M5TgSw==

undici-types@~6.21.0:
  version "6.21.0"
  resolved "https://registry.npmjs.org/undici-types/-/undici-types-6.21.0.tgz"
  integrity sha512-iwDZqg0QAGrg9Rav5H4n0M64c3mkR59cJ6wQp+7C4nI0gsmExaedaYLNO44eT4AtBBwjbTiGPMlt2Md0T9H9JQ==

undici-types@~7.14.0:
  version "7.14.0"
  resolved "https://registry.npmjs.org/undici-types/-/undici-types-7.14.0.tgz"
  integrity sha512-QQiYxHuyZ9gQUIrmPo3IA+hUl4KYk8uSA7cHrcKd/l3p1OTpZcM0Tbp9x7FAtXdAYhlasd60ncPpgu6ihG6TOA==

unpipe@1.0.0:
  version "1.0.0"
  resolved "https://registry.npmjs.org/unpipe/-/unpipe-1.0.0.tgz"
  integrity sha512-pjy2bYhSsufwWlKwPc+l3cN7+wuJlK6uz0YdJEOlQDbl6jo/YlPi4mb8agUkVC8BF7V8NuzeyPNqRksA3hztKQ==

xtend@^4.0.0:
  version "4.0.2"
  resolved "https://registry.npmjs.org/xtend/-/xtend-4.0.2.tgz"
  integrity sha512-LKYU1iAXJXUgAXn9URjiu+MWhyUXHsvfp7mcuYm9dSUKK0/CjtrUwFAxD82/mCWbtLsGjFIad0wIsod4zrTAEQ==

zod@^3.23.8:
  version "3.25.76"
  resolved "https://registry.npmjs.org/zod/-/zod-3.25.76.tgz"
  integrity sha512-gzUt/qt81nXsFGKIFcC3YnfEAx5NkunCfnDlvuBSSFS02bcXu4Lmea0AFIUwbLWxWPx3d9p8S5QoaujKcNQxcQ==
